
Microsoft Visual Studio Solution File, Format Version 12.00
# Visual Studio Version 16
VisualStudioVersion = 16.0.30621.155
MinimumVisualStudioVersion = 10.0.40219.1
Project("{FAE04EC0-301F-11D3-BF4B-00C04F79EFBC}") = "MultipleWindow", "MultipleWindow\MultipleWindow.csproj", "{9658F24C-7C25-4D17-A63F-28D79277FCD1}"
EndProject
Global
	GlobalSection(SolutionConfigurationPlatforms) = preSolution
		Debug|Any CPU = Debug|Any CPU
		Release|Any CPU = Release|Any CPU
	EndGlobalSection
	GlobalSection(ProjectConfigurationPlatforms) = postSolution
		{9658F24C-7C25-4D17-A63F-28D79277FCD1}.Debug|Any CPU.ActiveCfg = Debug|Any CPU
		{9658F24C-7C25-4D17-A63F-28D79277FCD1}.Debug|Any CPU.Build.0 = Debug|Any CPU
		{9658F24C-7C25-4D17-A63F-28D79277FCD1}.Release|Any CPU.ActiveCfg = Release|Any CPU
		{9658F24C-7C25-4D17-A63F-28D79277FCD1}.Release|Any CPU.Build.0 = Release|Any CPU
	EndGlobalSection
	GlobalSection(SolutionProperties) = preSolution
		HideSolutionNode = FALSE
	EndGlobalSection
	GlobalSection(ExtensibilityGlobals) = postSolution
		SolutionGuid = {116D2E16-7CB9-4A55-AA70-CEEA3ECF3626}
	EndGlobalSection
EndGlobal
